
Microsoft Visual Studio Solution File, Format Version 12.00
# Visual Studio Version 17
VisualStudioVersion = 17.8.34330.188
MinimumVisualStudioVersion = 10.0.40219.1
Project("{9A19103F-16F7-4668-BE54-9A1E7A4F7556}") = "Chocolate_Shop_Ver2", "Chocolate_Shop_Ver2\Chocolate_Shop_Ver2.csproj", "{168B6CCC-7E76-490B-9786-862C7FEE0BA4}"
EndProject
Project("{9A19103F-16F7-4668-BE54-9A1E7A4F7556}") = "Chocolate_Shop", "Chocolate_Shop\Chocolate_Shop.csproj", "{E4865B98-6749-45F9-AFE6-F6E1C8C6210B}"
EndProject
Global
	GlobalSection(SolutionConfigurationPlatforms) = preSolution
		Debug|Any CPU = Debug|Any CPU
		Release|Any CPU = Release|Any CPU
	EndGlobalSection
	GlobalSection(ProjectConfigurationPlatforms) = postSolution
		{168B6CCC-7E76-490B-9786-862C7FEE0BA4}.Debug|Any CPU.ActiveCfg = Debug|Any CPU
		{168B6CCC-7E76-490B-9786-862C7FEE0BA4}.Debug|Any CPU.Build.0 = Debug|Any CPU
		{168B6CCC-7E76-490B-9786-862C7FEE0BA4}.Release|Any CPU.ActiveCfg = Release|Any CPU
		{168B6CCC-7E76-490B-9786-862C7FEE0BA4}.Release|Any CPU.Build.0 = Release|Any CPU
		{E4865B98-6749-45F9-AFE6-F6E1C8C6210B}.Debug|Any CPU.ActiveCfg = Debug|Any CPU
		{E4865B98-6749-45F9-AFE6-F6E1C8C6210B}.Debug|Any CPU.Build.0 = Debug|Any CPU
		{E4865B98-6749-45F9-AFE6-F6E1C8C6210B}.Release|Any CPU.ActiveCfg = Release|Any CPU
		{E4865B98-6749-45F9-AFE6-F6E1C8C6210B}.Release|Any CPU.Build.0 = Release|Any CPU
	EndGlobalSection
	GlobalSection(SolutionProperties) = preSolution
		HideSolutionNode = FALSE
	EndGlobalSection
	GlobalSection(ExtensibilityGlobals) = postSolution
		SolutionGuid = {0EF2618F-021B-4430-959C-D95A448441E0}
	EndGlobalSection
EndGlobal
